
Microsoft Visual Studio Solution File, Format Version 12.00
# Visual Studio Version 16
VisualStudioVersion = 16.0.30413.136
MinimumVisualStudioVersion = 10.0.40219.1
Project("{FAE04EC0-301F-11D3-BF4B-00C04F79EFBC}") = "Conet", "Conet.csproj", "{33A0CBDC-08A0-4195-AEF2-DE710259D198}"
EndProject
Project("{FAE04EC0-301F-11D3-BF4B-00C04F79EFBC}") = "Conet-ConsoleGame", "..\Conet-ConsoleGame\Conet-ConsoleGame.csproj", "{1C797580-EBD7-461F-A02D-12CEE95CE484}"
EndProject
Project("{FAE04EC0-301F-11D3-BF4B-00C04F79EFBC}") = "Conet-StopWatch", "..\Conet-StopWatch\Conet-StopWatch.csproj", "{350BCF4A-2A69-4939-BBF0-7E66A784DCC5}"
EndProject
Project("{FAE04EC0-301F-11D3-BF4B-00C04F79EFBC}") = "Conet-Maze", "..\Conet-Maze\Conet-Maze.csproj", "{29F758E7-213A-4CD9-BFD3-2DBAB8C48DDE}"
EndProject
Global
	GlobalSection(SolutionConfigurationPlatforms) = preSolution
		Debug|Any CPU = Debug|Any CPU
		Release|Any CPU = Release|Any CPU
	EndGlobalSection
	GlobalSection(ProjectConfigurationPlatforms) = postSolution
		{33A0CBDC-08A0-4195-AEF2-DE710259D198}.Debug|Any CPU.ActiveCfg = Debug|Any CPU
		{33A0CBDC-08A0-4195-AEF2-DE710259D198}.Debug|Any CPU.Build.0 = Debug|Any CPU
		{33A0CBDC-08A0-4195-AEF2-DE710259D198}.Release|Any CPU.ActiveCfg = Release|Any CPU
		{33A0CBDC-08A0-4195-AEF2-DE710259D198}.Release|Any CPU.Build.0 = Release|Any CPU
		{1C797580-EBD7-461F-A02D-12CEE95CE484}.Debug|Any CPU.ActiveCfg = Debug|Any CPU
		{1C797580-EBD7-461F-A02D-12CEE95CE484}.Debug|Any CPU.Build.0 = Debug|Any CPU
		{1C797580-EBD7-461F-A02D-12CEE95CE484}.Release|Any CPU.ActiveCfg = Release|Any CPU
		{1C797580-EBD7-461F-A02D-12CEE95CE484}.Release|Any CPU.Build.0 = Release|Any CPU
		{350BCF4A-2A69-4939-BBF0-7E66A784DCC5}.Debug|Any CPU.ActiveCfg = Debug|Any CPU
		{350BCF4A-2A69-4939-BBF0-7E66A784DCC5}.Debug|Any CPU.Build.0 = Debug|Any CPU
		{350BCF4A-2A69-4939-BBF0-7E66A784DCC5}.Release|Any CPU.ActiveCfg = Release|Any CPU
		{350BCF4A-2A69-4939-BBF0-7E66A784DCC5}.Release|Any CPU.Build.0 = Release|Any CPU
		{29F758E7-213A-4CD9-BFD3-2DBAB8C48DDE}.Debug|Any CPU.ActiveCfg = Debug|Any CPU
		{29F758E7-213A-4CD9-BFD3-2DBAB8C48DDE}.Debug|Any CPU.Build.0 = Debug|Any CPU
		{29F758E7-213A-4CD9-BFD3-2DBAB8C48DDE}.Release|Any CPU.ActiveCfg = Release|Any CPU
		{29F758E7-213A-4CD9-BFD3-2DBAB8C48DDE}.Release|Any CPU.Build.0 = Release|Any CPU
	EndGlobalSection
	GlobalSection(SolutionProperties) = preSolution
		HideSolutionNode = FALSE
	EndGlobalSection
	GlobalSection(ExtensibilityGlobals) = postSolution
		SolutionGuid = {2ADE9678-82DF-45CB-A4C6-EF54BA3F415D}
	EndGlobalSection
EndGlobal
